# THIS IS AN AUTOGENERATED FILE. DO NOT EDIT THIS FILE DIRECTLY.
# yarn lockfile v1


"@emnapi/core@^1.1.0":
  version "1.2.0"
  resolved "https://registry.yarnpkg.com/@emnapi/core/-/core-1.2.0.tgz#7b738e5033738132bf6af0b8fae7b05249bdcbd7"
  integrity sha512-E7Vgw78I93we4ZWdYCb4DGAwRROGkMIXk7/y87UmANR+J6qsWusmC3gLt0H+O0KOt5e6O38U8oJamgbudrES/w==
  dependencies:
    "@emnapi/wasi-threads" "1.0.1"
    tslib "^2.4.0"

"@emnapi/runtime@^1.1.0":
  version "1.2.0"
  resolved "https://registry.yarnpkg.com/@emnapi/runtime/-/runtime-1.2.0.tgz#71d018546c3a91f3b51106530edbc056b9f2f2e3"
  integrity sha512-bV21/9LQmcQeCPEg3BDFtvwL6cwiTMksYNWQQ4KOxCZikEGalWtenoZ0wCiukJINlGCIi2KXx01g4FoH/LxpzQ==
  dependencies:
    tslib "^2.4.0"

"@emnapi/wasi-threads@1.0.1":
  version "1.0.1"
  resolved "https://registry.yarnpkg.com/@emnapi/wasi-threads/-/wasi-threads-1.0.1.tgz#d7ae71fd2166b1c916c6cd2d0df2ef565a2e1a5b"
  integrity sha512-iIBu7mwkq4UQGeMEM8bLwNK962nXdhodeScX4slfQnRhEMMzvYivHhutCIk8uojvmASXXPC2WNEjwxFWk72Oqw==
  dependencies:
    tslib "^2.4.0"

"@esbuild/aix-ppc64@0.23.1":
  version "0.23.1"
  resolved "https://registry.yarnpkg.com/@esbuild/aix-ppc64/-/aix-ppc64-0.23.1.tgz#51299374de171dbd80bb7d838e1cfce9af36f353"
  integrity sha512-6VhYk1diRqrhBAqpJEdjASR/+WVRtfjpqKuNw11cLiaWpAT/Uu+nokB+UJnevzy/P9C/ty6AOe0dwueMrGh/iQ==

"@esbuild/android-arm64@0.23.1":
  version "0.23.1"
  resolved "https://registry.yarnpkg.com/@esbuild/android-arm64/-/android-arm64-0.23.1.tgz#58565291a1fe548638adb9c584237449e5e14018"
  integrity sha512-xw50ipykXcLstLeWH7WRdQuysJqejuAGPd30vd1i5zSyKK3WE+ijzHmLKxdiCMtH1pHz78rOg0BKSYOSB/2Khw==

"@esbuild/android-arm@0.23.1":
  version "0.23.1"
  resolved "https://registry.yarnpkg.com/@esbuild/android-arm/-/android-arm-0.23.1.tgz#5eb8c652d4c82a2421e3395b808e6d9c42c862ee"
  integrity sha512-uz6/tEy2IFm9RYOyvKl88zdzZfwEfKZmnX9Cj1BHjeSGNuGLuMD1kR8y5bteYmwqKm1tj8m4cb/aKEorr6fHWQ==

"@esbuild/android-x64@0.23.1":
  version "0.23.1"
  resolved "https://registry.yarnpkg.com/@esbuild/android-x64/-/android-x64-0.23.1.tgz#ae19d665d2f06f0f48a6ac9a224b3f672e65d517"
  integrity sha512-nlN9B69St9BwUoB+jkyU090bru8L0NA3yFvAd7k8dNsVH8bi9a8cUAUSEcEEgTp2z3dbEDGJGfP6VUnkQnlReg==

"@esbuild/darwin-arm64@0.23.1":
  version "0.23.1"
  resolved "https://registry.yarnpkg.com/@esbuild/darwin-arm64/-/darwin-arm64-0.23.1.tgz#05b17f91a87e557b468a9c75e9d85ab10c121b16"
  integrity sha512-YsS2e3Wtgnw7Wq53XXBLcV6JhRsEq8hkfg91ESVadIrzr9wO6jJDMZnCQbHm1Guc5t/CdDiFSSfWP58FNuvT3Q==

"@esbuild/darwin-x64@0.23.1":
  version "0.23.1"
  resolved "https://registry.yarnpkg.com/@esbuild/darwin-x64/-/darwin-x64-0.23.1.tgz#c58353b982f4e04f0d022284b8ba2733f5ff0931"
  integrity sha512-aClqdgTDVPSEGgoCS8QDG37Gu8yc9lTHNAQlsztQ6ENetKEO//b8y31MMu2ZaPbn4kVsIABzVLXYLhCGekGDqw==

"@esbuild/freebsd-arm64@0.23.1":
  version "0.23.1"
  resolved "https://registry.yarnpkg.com/@esbuild/freebsd-arm64/-/freebsd-arm64-0.23.1.tgz#f9220dc65f80f03635e1ef96cfad5da1f446f3bc"
  integrity sha512-h1k6yS8/pN/NHlMl5+v4XPfikhJulk4G+tKGFIOwURBSFzE8bixw1ebjluLOjfwtLqY0kewfjLSrO6tN2MgIhA==

"@esbuild/freebsd-x64@0.23.1":
  version "0.23.1"
  resolved "https://registry.yarnpkg.com/@esbuild/freebsd-x64/-/freebsd-x64-0.23.1.tgz#69bd8511fa013b59f0226d1609ac43f7ce489730"
  integrity sha512-lK1eJeyk1ZX8UklqFd/3A60UuZ/6UVfGT2LuGo3Wp4/z7eRTRYY+0xOu2kpClP+vMTi9wKOfXi2vjUpO1Ro76g==

"@esbuild/linux-arm64@0.23.1":
  version "0.23.1"
  resolved "https://registry.yarnpkg.com/@esbuild/linux-arm64/-/linux-arm64-0.23.1.tgz#8050af6d51ddb388c75653ef9871f5ccd8f12383"
  integrity sha512-/93bf2yxencYDnItMYV/v116zff6UyTjo4EtEQjUBeGiVpMmffDNUyD9UN2zV+V3LRV3/on4xdZ26NKzn6754g==

"@esbuild/linux-arm@0.23.1":
  version "0.23.1"
  resolved "https://registry.yarnpkg.com/@esbuild/linux-arm/-/linux-arm-0.23.1.tgz#ecaabd1c23b701070484990db9a82f382f99e771"
  integrity sha512-CXXkzgn+dXAPs3WBwE+Kvnrf4WECwBdfjfeYHpMeVxWE0EceB6vhWGShs6wi0IYEqMSIzdOF1XjQ/Mkm5d7ZdQ==

"@esbuild/linux-ia32@0.23.1":
  version "0.23.1"
  resolved "https://registry.yarnpkg.com/@esbuild/linux-ia32/-/linux-ia32-0.23.1.tgz#3ed2273214178109741c09bd0687098a0243b333"
  integrity sha512-VTN4EuOHwXEkXzX5nTvVY4s7E/Krz7COC8xkftbbKRYAl96vPiUssGkeMELQMOnLOJ8k3BY1+ZY52tttZnHcXQ==

"@esbuild/linux-loong64@0.23.1":
  version "0.23.1"
  resolved "https://registry.yarnpkg.com/@esbuild/linux-loong64/-/linux-loong64-0.23.1.tgz#a0fdf440b5485c81b0fbb316b08933d217f5d3ac"
  integrity sha512-Vx09LzEoBa5zDnieH8LSMRToj7ir/Jeq0Gu6qJ/1GcBq9GkfoEAoXvLiW1U9J1qE/Y/Oyaq33w5p2ZWrNNHNEw==

"@esbuild/linux-mips64el@0.23.1":
  version "0.23.1"
  resolved "https://registry.yarnpkg.com/@esbuild/linux-mips64el/-/linux-mips64el-0.23.1.tgz#e11a2806346db8375b18f5e104c5a9d4e81807f6"
  integrity sha512-nrFzzMQ7W4WRLNUOU5dlWAqa6yVeI0P78WKGUo7lg2HShq/yx+UYkeNSE0SSfSure0SqgnsxPvmAUu/vu0E+3Q==

"@esbuild/linux-ppc64@0.23.1":
  version "0.23.1"
  resolved "https://registry.yarnpkg.com/@esbuild/linux-ppc64/-/linux-ppc64-0.23.1.tgz#06a2744c5eaf562b1a90937855b4d6cf7c75ec96"
  integrity sha512-dKN8fgVqd0vUIjxuJI6P/9SSSe/mB9rvA98CSH2sJnlZ/OCZWO1DJvxj8jvKTfYUdGfcq2dDxoKaC6bHuTlgcw==

"@esbuild/linux-riscv64@0.23.1":
  version "0.23.1"
  resolved "https://registry.yarnpkg.com/@esbuild/linux-riscv64/-/linux-riscv64-0.23.1.tgz#65b46a2892fc0d1af4ba342af3fe0fa4a8fe08e7"
  integrity sha512-5AV4Pzp80fhHL83JM6LoA6pTQVWgB1HovMBsLQ9OZWLDqVY8MVobBXNSmAJi//Csh6tcY7e7Lny2Hg1tElMjIA==

"@esbuild/linux-s390x@0.23.1":
  version "0.23.1"
  resolved "https://registry.yarnpkg.com/@esbuild/linux-s390x/-/linux-s390x-0.23.1.tgz#e71ea18c70c3f604e241d16e4e5ab193a9785d6f"
  integrity sha512-9ygs73tuFCe6f6m/Tb+9LtYxWR4c9yg7zjt2cYkjDbDpV/xVn+68cQxMXCjUpYwEkze2RcU/rMnfIXNRFmSoDw==

"@esbuild/linux-x64@0.23.1":
  version "0.23.1"
  resolved "https://registry.yarnpkg.com/@esbuild/linux-x64/-/linux-x64-0.23.1.tgz#d47f97391e80690d4dfe811a2e7d6927ad9eed24"
  integrity sha512-EV6+ovTsEXCPAp58g2dD68LxoP/wK5pRvgy0J/HxPGB009omFPv3Yet0HiaqvrIrgPTBuC6wCH1LTOY91EO5hQ==

"@esbuild/netbsd-x64@0.23.1":
  version "0.23.1"
  resolved "https://registry.yarnpkg.com/@esbuild/netbsd-x64/-/netbsd-x64-0.23.1.tgz#44e743c9778d57a8ace4b72f3c6b839a3b74a653"
  integrity sha512-aevEkCNu7KlPRpYLjwmdcuNz6bDFiE7Z8XC4CPqExjTvrHugh28QzUXVOZtiYghciKUacNktqxdpymplil1beA==

"@esbuild/openbsd-arm64@0.23.1":
  version "0.23.1"
  resolved "https://registry.yarnpkg.com/@esbuild/openbsd-arm64/-/openbsd-arm64-0.23.1.tgz#05c5a1faf67b9881834758c69f3e51b7dee015d7"
  integrity sha512-3x37szhLexNA4bXhLrCC/LImN/YtWis6WXr1VESlfVtVeoFJBRINPJ3f0a/6LV8zpikqoUg4hyXw0sFBt5Cr+Q==

"@esbuild/openbsd-x64@0.23.1":
  version "0.23.1"
  resolved "https://registry.yarnpkg.com/@esbuild/openbsd-x64/-/openbsd-x64-0.23.1.tgz#2e58ae511bacf67d19f9f2dcd9e8c5a93f00c273"
  integrity sha512-aY2gMmKmPhxfU+0EdnN+XNtGbjfQgwZj43k8G3fyrDM/UdZww6xrWxmDkuz2eCZchqVeABjV5BpildOrUbBTqA==

"@esbuild/sunos-x64@0.23.1":
  version "0.23.1"
  resolved "https://registry.yarnpkg.com/@esbuild/sunos-x64/-/sunos-x64-0.23.1.tgz#adb022b959d18d3389ac70769cef5a03d3abd403"
  integrity sha512-RBRT2gqEl0IKQABT4XTj78tpk9v7ehp+mazn2HbUeZl1YMdaGAQqhapjGTCe7uw7y0frDi4gS0uHzhvpFuI1sA==

"@esbuild/win32-arm64@0.23.1":
  version "0.23.1"
  resolved "https://registry.yarnpkg.com/@esbuild/win32-arm64/-/win32-arm64-0.23.1.tgz#84906f50c212b72ec360f48461d43202f4c8b9a2"
  integrity sha512-4O+gPR5rEBe2FpKOVyiJ7wNDPA8nGzDuJ6gN4okSA1gEOYZ67N8JPk58tkWtdtPeLz7lBnY6I5L3jdsr3S+A6A==

"@esbuild/win32-ia32@0.23.1":
  version "0.23.1"
  resolved "https://registry.yarnpkg.com/@esbuild/win32-ia32/-/win32-ia32-0.23.1.tgz#5e3eacc515820ff729e90d0cb463183128e82fac"
  integrity sha512-BcaL0Vn6QwCwre3Y717nVHZbAa4UBEigzFm6VdsVdT/MbZ38xoj1X9HPkZhbmaBGUD1W8vxAfffbDe8bA6AKnQ==

"@esbuild/win32-x64@0.23.1":
  version "0.23.1"
  resolved "https://registry.yarnpkg.com/@esbuild/win32-x64/-/win32-x64-0.23.1.tgz#81fd50d11e2c32b2d6241470e3185b70c7b30699"
  integrity sha512-BHpFFeslkWrXWyUPnbKm+xYYVYruCinGcftSBaa8zoF9hZO4BcSCFUvHVTtzpIY6YzUnYtuEhZ+C9iEXjxnasg==

"@napi-rs/wasm-runtime@^0.2.4":
  version "0.2.4"
  resolved "https://registry.yarnpkg.com/@napi-rs/wasm-runtime/-/wasm-runtime-0.2.4.tgz#d27788176f250d86e498081e3c5ff48a17606918"
  integrity sha512-9zESzOO5aDByvhIAsOy9TbpZ0Ur2AJbUI7UT73kcUTS2mxAMHOBaa1st/jAymNoCtvrit99kkzT1FZuXVcgfIQ==
  dependencies:
    "@emnapi/core" "^1.1.0"
    "@emnapi/runtime" "^1.1.0"
    "@tybys/wasm-util" "^0.9.0"

"@oxc-parser/binding-darwin-arm64@0.25.0":
  version "0.25.0"
  resolved "https://registry.yarnpkg.com/@oxc-parser/binding-darwin-arm64/-/binding-darwin-arm64-0.25.0.tgz#608017c214ad1dd5ca2542472f131478bd6041c1"
  integrity sha512-U5/rpvsK4TxDoJsvYi03oWBzO0N4PrdnBP7NCOSRyUx/Ed5XSkBN+RVIfoQa5nlf7zWgIal36y67UHaYyr45GA==

"@oxc-parser/binding-darwin-x64@0.25.0":
  version "0.25.0"
  resolved "https://registry.yarnpkg.com/@oxc-parser/binding-darwin-x64/-/binding-darwin-x64-0.25.0.tgz#ed7abef1b36ad7a7837045d3364e2dff236ac7de"
  integrity sha512-GPvneSA7cfi4nUwSSCLLxHF9/AttMxQmGCmmgbn/2kJg6XCP/K2J+fyCPa3QLM8OQorDavNAA0w91fCTBBrSbQ==

"@oxc-parser/binding-linux-arm64-gnu@0.25.0":
  version "0.25.0"
  resolved "https://registry.yarnpkg.com/@oxc-parser/binding-linux-arm64-gnu/-/binding-linux-arm64-gnu-0.25.0.tgz#b95cb3a5511d80802d2d351ae973ecd929eb6426"
  integrity sha512-P8I+6jAiGbgDG60wXVaGQ7KdIWb+SY/qVwF8iMyBOhJb4RBsNeP++namqDIHGsUg6sBWPdLeKD++b549aX15fQ==

"@oxc-parser/binding-linux-arm64-musl@0.25.0":
  version "0.25.0"
  resolved "https://registry.yarnpkg.com/@oxc-parser/binding-linux-arm64-musl/-/binding-linux-arm64-musl-0.25.0.tgz#b5b9cab444ff64821186ce7a77131dc720ea0dc0"
  integrity sha512-hS8keRMckB5YDuUT2A9CK4P519Hfln60RagPG9PV+h0r8lqAC9f0+F/n7YGAcs3ikpK0WZRKahoYbzCGfWmGaw==

"@oxc-parser/binding-linux-x64-gnu@0.25.0":
  version "0.25.0"
  resolved "https://registry.yarnpkg.com/@oxc-parser/binding-linux-x64-gnu/-/binding-linux-x64-gnu-0.25.0.tgz#23e667792ec00d9a794ccefc65d4ed0a72ca0883"
  integrity sha512-cp0h4GtaGacLM5KdisYsqdXlI3FASQMpZAng/xp9Nn32DfZ2WWkMuWrVoYZZMZBUQIEan8f/7dE3ncip41Y+pQ==

"@oxc-parser/binding-linux-x64-musl@0.25.0":
  version "0.25.0"
  resolved "https://registry.yarnpkg.com/@oxc-parser/binding-linux-x64-musl/-/binding-linux-x64-musl-0.25.0.tgz#77ed8b2427a6b4e8ea4c73b384b0f51e4330aa37"
  integrity sha512-8z04UnNTdr0CfYWKO6qr481k12srFIBMLo2+cUbdNWbmZhDUfv1jV5jlJAwMfG9EHUTYjW6FN/J0yK3vpNWwdg==

"@oxc-parser/binding-win32-arm64-msvc@0.25.0":
  version "0.25.0"
  resolved "https://registry.yarnpkg.com/@oxc-parser/binding-win32-arm64-msvc/-/binding-win32-arm64-msvc-0.25.0.tgz#40894615b013de5e9808ce64e7a27348a54dd6af"
  integrity sha512-X1R9/DSgNkDcYh6ql6u5a5DMqEWMib2+LWeKaVQHDa4uypYcXUbCdyxXpKqfW46p7LoC0SE4IEqDH1PhUloxtQ==

"@oxc-parser/binding-win32-x64-msvc@0.25.0":
  version "0.25.0"
  resolved "https://registry.yarnpkg.com/@oxc-parser/binding-win32-x64-msvc/-/binding-win32-x64-msvc-0.25.0.tgz#b02493d56605f575096e44a6f5abf4f44cf22474"
  integrity sha512-2qo2WTxjB1af4AJShRHjRZvC6e2KcaxazTk5APAm0yTa7yyf4x9A3sBvEG7eXN/XNmrAP6H93Zp+YpnkKCiZ3Q==

"@oxc-resolver/binding-darwin-arm64@1.10.2":
  version "1.10.2"
  resolved "https://registry.yarnpkg.com/@oxc-resolver/binding-darwin-arm64/-/binding-darwin-arm64-1.10.2.tgz#7fd04e5f07bd4dfc9abe9416afe107b925df1f98"
  integrity sha512-aOCZYXqmFL+2sXlaVkYbAOtICGGeTFtmdul8OimQfOXHJods6YHJ2nR6+rEeBcJzaXyXPP18ne1IsEc4AYL1IA==

"@oxc-resolver/binding-darwin-x64@1.10.2":
  version "1.10.2"
  resolved "https://registry.yarnpkg.com/@oxc-resolver/binding-darwin-x64/-/binding-darwin-x64-1.10.2.tgz#b73dfa73c7af1ee808a52f6873274b47af284716"
  integrity sha512-6WD7lHGkoduFZfUgnC2suKOlqttQRKxWsiVXiiGPu3mfXvQAhMd/gekuH1t8vOhFlPJduaww15n5UB0bSjCK+w==

"@oxc-resolver/binding-freebsd-x64@1.10.2":
  version "1.10.2"
  resolved "https://registry.yarnpkg.com/@oxc-resolver/binding-freebsd-x64/-/binding-freebsd-x64-1.10.2.tgz#b1303a29ff8eafc267683d253b7458b78f68245b"
  integrity sha512-nEqHWx/Ot5p7Mafj8qH6vFlLSvHjECxAcZwhnAMqRuQu1NgXC/QM3emkdhVGy7QJgsxZbHpPaF6TERNf5/NL9Q==

"@oxc-resolver/binding-linux-arm-gnueabihf@1.10.2":
  version "1.10.2"
  resolved "https://registry.yarnpkg.com/@oxc-resolver/binding-linux-arm-gnueabihf/-/binding-linux-arm-gnueabihf-1.10.2.tgz#f921703edfc1e972408394b9c639c50e984ff16e"
  integrity sha512-+AlZI0fPnpfArh8aC5k2295lmQrxa2p8gBLxC3buvCkz0ZpbVLxyyAXz3J2jGwJnmc5MUPLEqPYw6ZlAGH4XHA==

"@oxc-resolver/binding-linux-arm64-gnu@1.10.2":
  version "1.10.2"
  resolved "https://registry.yarnpkg.com/@oxc-resolver/binding-linux-arm64-gnu/-/binding-linux-arm64-gnu-1.10.2.tgz#173982495965af46d028329ce1e99d7dd584e483"
  integrity sha512-8fZ8NszFaUZaoA8eUwkF2lHjgUs76aFiewWgG/cjcZmwKp+ErZQLW8eOvIWZ4SohHQ+ScvhVsSaU2PU38c88gw==

"@oxc-resolver/binding-linux-arm64-musl@1.10.2":
  version "1.10.2"
  resolved "https://registry.yarnpkg.com/@oxc-resolver/binding-linux-arm64-musl/-/binding-linux-arm64-musl-1.10.2.tgz#323fc30fc4611a2bd0d1a2d73fdea5d91a9c0ae7"
  integrity sha512-oPrLICrw96Ym9n04FWXWGkbkpF6qJtZ57JSnqI3oQ24xHTt4iWyjHKHQO46NbJAK9sFb3Qce4BzV8faDI5Rifg==

"@oxc-resolver/binding-linux-x64-gnu@1.10.2":
  version "1.10.2"
  resolved "https://registry.yarnpkg.com/@oxc-resolver/binding-linux-x64-gnu/-/binding-linux-x64-gnu-1.10.2.tgz#f7f8bd53f146a28176180a1fa8b47885427df7e9"
  integrity sha512-eli74jTAUiIfqi8IPFqiPxQS69Alcr6w/IFRyf3XxrkxeFGgcgxJkRIxWNTKJ6T3EXxjuma+49LdZn6l9rEj7A==

"@oxc-resolver/binding-linux-x64-musl@1.10.2":
  version "1.10.2"
  resolved "https://registry.yarnpkg.com/@oxc-resolver/binding-linux-x64-musl/-/binding-linux-x64-musl-1.10.2.tgz#00d3465bc6a2abd9a34d09dc5eeba0479f33059b"
  integrity sha512-HH9zmjNSQo3rkbqJH5nIjGrtjC+QPrUy0KGGMR/oRCSLuD0cNFJ/Uly1XAugwSm4oEw0+rv6PmeclXmVTKsxhw==

"@oxc-resolver/binding-wasm32-wasi@1.10.2":
  version "1.10.2"
  resolved "https://registry.yarnpkg.com/@oxc-resolver/binding-wasm32-wasi/-/binding-wasm32-wasi-1.10.2.tgz#ed3c49f4887a765503f589bb8b95e9c8d5369adb"
  integrity sha512-3ItX23q33sfVBtMMdMhVDSe0NX5zBHxHfmFiXhSJuwNaVIwGpLFU7WU2nmq9oNdnmTOvjL8vlhOqiGvumBLlRA==
  dependencies:
    "@napi-rs/wasm-runtime" "^0.2.4"

"@oxc-resolver/binding-win32-arm64-msvc@1.10.2":
  version "1.10.2"
  resolved "https://registry.yarnpkg.com/@oxc-resolver/binding-win32-arm64-msvc/-/binding-win32-arm64-msvc-1.10.2.tgz#bea966a1ab09d1a8b2823abf488ba1e213a619b7"
  integrity sha512-aVoj2V+jmQ1N+lVy9AhaLmzssJM0lcKt8D0UL83aNLZJ5lSN7hgBuUXTVmL+VF268f167khjo38z+fbELDVm8Q==

"@oxc-resolver/binding-win32-x64-msvc@1.10.2":
  version "1.10.2"
  resolved "https://registry.yarnpkg.com/@oxc-resolver/binding-win32-x64-msvc/-/binding-win32-x64-msvc-1.10.2.tgz#b43deb60fac0b13add5a259fac3c8fdfffd7333c"
  integrity sha512-l8BDQWyP0Piw8hlmYPUqTRKLsq+ceG9h+9p6ZrjNzwW9AmJX7T7T2hgoVVHqS6f4WNA/CFkb3RyZP9QTzNkyyA==

"@oxc-transform/binding-darwin-arm64@0.25.0":
  version "0.25.0"
  resolved "https://registry.yarnpkg.com/@oxc-transform/binding-darwin-arm64/-/binding-darwin-arm64-0.25.0.tgz#0e10d1933f35adf214908ed9563d3914316c1ec9"
  integrity sha512-TGSyr/VX/U03zW5E1swAezbBBkpnHsnp6ZDqxukY6XnFNNwZ3L0lWSxQE7I5GAp154vVPvLewvQND71j5huEtQ==

"@oxc-transform/binding-darwin-x64@0.25.0":
  version "0.25.0"
  resolved "https://registry.yarnpkg.com/@oxc-transform/binding-darwin-x64/-/binding-darwin-x64-0.25.0.tgz#ed536f8404218d26e64f48d3be973cb5bc693240"
  integrity sha512-i2BadyR6uGA6ZRoSdI3JNd6Qy+4MPBN78Qw1+jXiHKdR+N+qL51Q3AirE+xX9QMbyZMFLNZyJFgD3WSV56KsEA==

"@oxc-transform/binding-linux-arm64-gnu@0.25.0":
  version "0.25.0"
  resolved "https://registry.yarnpkg.com/@oxc-transform/binding-linux-arm64-gnu/-/binding-linux-arm64-gnu-0.25.0.tgz#16f4bdbfa21559b0cefea35fedfe7927f599436d"
  integrity sha512-R0i1YWNuTWsn9B1ytTzZICzCgq0L5RBMEOres5cmgmq77ca9uPeBo7X/i6BteYEsqXsyBarrlfBSXUGmqp8Jlg==

"@oxc-transform/binding-linux-arm64-musl@0.25.0":
  version "0.25.0"
  resolved "https://registry.yarnpkg.com/@oxc-transform/binding-linux-arm64-musl/-/binding-linux-arm64-musl-0.25.0.tgz#b36fb6f8aecb729bc7d97757ddd83a0c9fa67638"
  integrity sha512-KHOeeH8AH6jaDTV21Eq4jkNA+BjCbk6W7pFOhLG4FDil8h0Nr3uL+M7qTonQb6m0APREmR37H63JC84Fim7tPQ==

"@oxc-transform/binding-linux-x64-gnu@0.25.0":
  version "0.25.0"
  resolved "https://registry.yarnpkg.com/@oxc-transform/binding-linux-x64-gnu/-/binding-linux-x64-gnu-0.25.0.tgz#88f44809cdc57bd39980558e0e5a0c4cf255fad1"
  integrity sha512-UygEEC3Aipzm3q+SQ4dP2AlsdliOumJjwXUsN3hK2H23R39BmYipd9a1D9Vzd+Ms53bCExWDyxfU2rJ4PkHpCA==

"@oxc-transform/binding-linux-x64-musl@0.25.0":
  version "0.25.0"
  resolved "https://registry.yarnpkg.com/@oxc-transform/binding-linux-x64-musl/-/binding-linux-x64-musl-0.25.0.tgz#4fa968191b148d8ab93777b79f971a46fea16636"
  integrity sha512-TvaKg2VI2RQCqMY/2LWqmtRByf5OySARGKIIlKxEO726lVomuQb4SBttI24c0PYxnDMbkYQE93Zq0tIN3uqbYg==

"@oxc-transform/binding-win32-arm64-msvc@0.25.0":
  version "0.25.0"
  resolved "https://registry.yarnpkg.com/@oxc-transform/binding-win32-arm64-msvc/-/binding-win32-arm64-msvc-0.25.0.tgz#20583e3979b614b9bcb60280feef1c59c484b744"
  integrity sha512-lkyhcYplW368CoqghJ+xXyQ5lCZ1l8cFw17Wa9bQBrvpaRMnPetZp3Kk/eHMtMbd1+OgXxoCIBsqP9s4aTE2bQ==

"@oxc-transform/binding-win32-x64-msvc@0.25.0":
  version "0.25.0"
  resolved "https://registry.yarnpkg.com/@oxc-transform/binding-win32-x64-msvc/-/binding-win32-x64-msvc-0.25.0.tgz#05e1f290599417ff154e23452dcff06175a5d03e"
  integrity sha512-bxIl+oGWmB7S/x4hU75yX6qdi6OqWvNPGCWIVT153CDz7l+yDpjWf4iti8Qx/QeO7lk54aLbJ+fyp3+td9V0+A==

"@tybys/wasm-util@^0.9.0":
  version "0.9.0"
  resolved "https://registry.yarnpkg.com/@tybys/wasm-util/-/wasm-util-0.9.0.tgz#3e75eb00604c8d6db470bf18c37b7d984a0e3355"
  integrity sha512-6+7nlbMVX/PVDCwaIQ8nTOPveOcFLSt8GcXdx8hD0bt39uWxYT88uXzqTd4fTvqta7oeUJqudepapKNt2DYJFw==
  dependencies:
    tslib "^2.4.0"

esbuild@^0.23.1:
  version "0.23.1"
  resolved "https://registry.yarnpkg.com/esbuild/-/esbuild-0.23.1.tgz#40fdc3f9265ec0beae6f59824ade1bd3d3d2dab8"
  integrity sha512-VVNz/9Sa0bs5SELtn3f7qhJCDPCF5oMEl5cO9/SSinpE9hbPVvxbd572HH5AKiP7WD8INO53GgfDDhRjkylHEg==
  optionalDependencies:
    "@esbuild/aix-ppc64" "0.23.1"
    "@esbuild/android-arm" "0.23.1"
    "@esbuild/android-arm64" "0.23.1"
    "@esbuild/android-x64" "0.23.1"
    "@esbuild/darwin-arm64" "0.23.1"
    "@esbuild/darwin-x64" "0.23.1"
    "@esbuild/freebsd-arm64" "0.23.1"
    "@esbuild/freebsd-x64" "0.23.1"
    "@esbuild/linux-arm" "0.23.1"
    "@esbuild/linux-arm64" "0.23.1"
    "@esbuild/linux-ia32" "0.23.1"
    "@esbuild/linux-loong64" "0.23.1"
    "@esbuild/linux-mips64el" "0.23.1"
    "@esbuild/linux-ppc64" "0.23.1"
    "@esbuild/linux-riscv64" "0.23.1"
    "@esbuild/linux-s390x" "0.23.1"
    "@esbuild/linux-x64" "0.23.1"
    "@esbuild/netbsd-x64" "0.23.1"
    "@esbuild/openbsd-arm64" "0.23.1"
    "@esbuild/openbsd-x64" "0.23.1"
    "@esbuild/sunos-x64" "0.23.1"
    "@esbuild/win32-arm64" "0.23.1"
    "@esbuild/win32-ia32" "0.23.1"
    "@esbuild/win32-x64" "0.23.1"

oxc-parser@^0.25.0:
  version "0.25.0"
  resolved "https://registry.yarnpkg.com/oxc-parser/-/oxc-parser-0.25.0.tgz#9b1075a71e553e2db3663c272fd1d5de033bbf0f"
  integrity sha512-ekXyGJ9Z1jF2NZavl+XmmWmyCLeXEsoV1ji0xOVZgpesRIYByKxZu1H/JYHibkmYq50nbzDN3I/N8NrJxSihfA==
  optionalDependencies:
    "@oxc-parser/binding-darwin-arm64" "0.25.0"
    "@oxc-parser/binding-darwin-x64" "0.25.0"
    "@oxc-parser/binding-linux-arm64-gnu" "0.25.0"
    "@oxc-parser/binding-linux-arm64-musl" "0.25.0"
    "@oxc-parser/binding-linux-x64-gnu" "0.25.0"
    "@oxc-parser/binding-linux-x64-musl" "0.25.0"
    "@oxc-parser/binding-win32-arm64-msvc" "0.25.0"
    "@oxc-parser/binding-win32-x64-msvc" "0.25.0"

oxc-resolver@^1.10.2:
  version "1.10.2"
  resolved "https://registry.yarnpkg.com/oxc-resolver/-/oxc-resolver-1.10.2.tgz#d1d2985d458ccec8d42928612a4ac6af3dac4299"
  integrity sha512-NIbwVqoU8Bhl7PVtItHCg+VFFokIDwBgIgFUwFG2Y8ePhxftFh5xG+KLar5PLWXlCP4WunPIuXD3jr3v6/MfRw==
  optionalDependencies:
    "@oxc-resolver/binding-darwin-arm64" "1.10.2"
    "@oxc-resolver/binding-darwin-x64" "1.10.2"
    "@oxc-resolver/binding-freebsd-x64" "1.10.2"
    "@oxc-resolver/binding-linux-arm-gnueabihf" "1.10.2"
    "@oxc-resolver/binding-linux-arm64-gnu" "1.10.2"
    "@oxc-resolver/binding-linux-arm64-musl" "1.10.2"
    "@oxc-resolver/binding-linux-x64-gnu" "1.10.2"
    "@oxc-resolver/binding-linux-x64-musl" "1.10.2"
    "@oxc-resolver/binding-wasm32-wasi" "1.10.2"
    "@oxc-resolver/binding-win32-arm64-msvc" "1.10.2"
    "@oxc-resolver/binding-win32-x64-msvc" "1.10.2"

oxc-transform@^0.25.0:
  version "0.25.0"
  resolved "https://registry.yarnpkg.com/oxc-transform/-/oxc-transform-0.25.0.tgz#32a1896ee20809fd77e37764292bb9ed2c3a8535"
  integrity sha512-qfrGb82igYmRjiAiwDEq/QbajgzH9fEufbfKS7ndmf0Umo/TXzg1BoDnK11mUS23/WzH1OPKhv6CpO/E78vOtA==
  optionalDependencies:
    "@oxc-transform/binding-darwin-arm64" "0.25.0"
    "@oxc-transform/binding-darwin-x64" "0.25.0"
    "@oxc-transform/binding-linux-arm64-gnu" "0.25.0"
    "@oxc-transform/binding-linux-arm64-musl" "0.25.0"
    "@oxc-transform/binding-linux-x64-gnu" "0.25.0"
    "@oxc-transform/binding-linux-x64-musl" "0.25.0"
    "@oxc-transform/binding-win32-arm64-msvc" "0.25.0"
    "@oxc-transform/binding-win32-x64-msvc" "0.25.0"

tslib@^2.4.0:
  version "2.7.0"
  resolved "https://registry.yarnpkg.com/tslib/-/tslib-2.7.0.tgz#d9b40c5c40ab59e8738f297df3087bf1a2690c01"
  integrity sha512-gLXCKdN1/j47AiHiOkJN69hJmcbGTHI0ImLmbYLHykhgeN0jVGola9yVjFgzCUklsZQMW55o+dW7IXv3RCXDzA==
